
Microsoft Visual Studio Solution File, Format Version 12.00
# Visual Studio Version 16
VisualStudioVersion = 16.0.30907.101
MinimumVisualStudioVersion = 10.0.40219.1
Project("{FAE04EC0-301F-11D3-BF4B-00C04F79EFBC}") = "MultiTaskingWinService", "MultiTaskingWinService\MultiTaskingWinService.csproj", "{0521ED7A-0624-4D06-8204-6253409DE906}"
EndProject
Global
	GlobalSection(SolutionConfigurationPlatforms) = preSolution
		Debug|Any CPU = Debug|Any CPU
		Release|Any CPU = Release|Any CPU
	EndGlobalSection
	GlobalSection(ProjectConfigurationPlatforms) = postSolution
		{0521ED7A-0624-4D06-8204-6253409DE906}.Debug|Any CPU.ActiveCfg = Debug|Any CPU
		{0521ED7A-0624-4D06-8204-6253409DE906}.Debug|Any CPU.Build.0 = Debug|Any CPU
		{0521ED7A-0624-4D06-8204-6253409DE906}.Release|Any CPU.ActiveCfg = Release|Any CPU
		{0521ED7A-0624-4D06-8204-6253409DE906}.Release|Any CPU.Build.0 = Release|Any CPU
	EndGlobalSection
	GlobalSection(SolutionProperties) = preSolution
		HideSolutionNode = FALSE
	EndGlobalSection
	GlobalSection(ExtensibilityGlobals) = postSolution
		SolutionGuid = {1F9DD194-4D25-4A10-8AEF-42B78833D611}
	EndGlobalSection
EndGlobal
